// !$*UTF8*$!
{
	archiveVersion = 1;
	classes = {
	};
	objectVersion = 46;
	objects = {

/* Begin PBXBuildFile section */
		6003F58E195388D20070C39A /* Foundation.framework in Frameworks */ = {isa = PBXBuildFile; fileRef = 6003F58D195388D20070C39A /* Foundation.framework */; };
		6003F590195388D20070C39A /* CoreGraphics.framework in Frameworks */ = {isa = PBXBuildFile; fileRef = 6003F58F195388D20070C39A /* CoreGraphics.framework */; };
		6003F592195388D20070C39A /* UIKit.framework in Frameworks */ = {isa = PBXBuildFile; fileRef = 6003F591195388D20070C39A /* UIKit.framework */; };
		6003F598195388D20070C39A /* InfoPlist.strings in Resources */ = {isa = PBXBuildFile; fileRef = 6003F596195388D20070C39A /* InfoPlist.strings */; };
		6003F59A195388D20070C39A /* main.m in Sources */ = {isa = PBXBuildFile; fileRef = 6003F599195388D20070C39A /* main.m */; };
		6003F5A9195388D20070C39A /* Images.xcassets in Resources */ = {isa = PBXBuildFile; fileRef = 6003F5A8195388D20070C39A /* Images.xcassets */; };
		6CF0F6FE1AB81E08001B4D8A /* AGRegionTrackingViewController.m in Sources */ = {isa = PBXBuildFile; fileRef = 6CF0F6FC1AB81E08001B4D8A /* AGRegionTrackingViewController.m */; };
		6CF0F6FF1AB81E08001B4D8A /* AGRegionTrackingViewController.xib in Resources */ = {isa = PBXBuildFile; fileRef = 6CF0F6FD1AB81E08001B4D8A /* AGRegionTrackingViewController.xib */; };
		80302A011A93BF3D00599504 /* AGAppDelegate.m in Sources */ = {isa = PBXBuildFile; fileRef = 80302A001A93BF3D00599504 /* AGAppDelegate.m */; };
		80302A0E1A93BFC300599504 /* AGDemoScreenViewController.m in Sources */ = {isa = PBXBuildFile; fileRef = 80302A031A93BFC300599504 /* AGDemoScreenViewController.m */; };
		80302A0F1A93BFC300599504 /* AGDemoScreenViewController.xib in Resources */ = {isa = PBXBuildFile; fileRef = 80302A041A93BFC300599504 /* AGDemoScreenViewController.xib */; };
		80302A101A93BFC300599504 /* AGGeocodeDemoViewController.m in Sources */ = {isa = PBXBuildFile; fileRef = 80302A061A93BFC300599504 /* AGGeocodeDemoViewController.m */; };
		80302A111A93BFC300599504 /* AGGeocodeDemoViewController.xib in Resources */ = {isa = PBXBuildFile; fileRef = 80302A071A93BFC300599504 /* AGGeocodeDemoViewController.xib */; };
		80302A121A93BFC300599504 /* AGMainDemoViewController.m in Sources */ = {isa = PBXBuildFile; fileRef = 80302A091A93BFC300599504 /* AGMainDemoViewController.m */; };
		80302A131A93BFC300599504 /* AGMainDemoViewController.xib in Resources */ = {isa = PBXBuildFile; fileRef = 80302A0A1A93BFC300599504 /* AGMainDemoViewController.xib */; };
		80302A141A93BFC300599504 /* AGRetrieveLocationDemoViewController.m in Sources */ = {isa = PBXBuildFile; fileRef = 80302A0C1A93BFC300599504 /* AGRetrieveLocationDemoViewController.m */; };
		80302A151A93BFC300599504 /* AGRetrieveLocationDemoViewController.xib in Resources */ = {isa = PBXBuildFile; fileRef = 80302A0D1A93BFC300599504 /* AGRetrieveLocationDemoViewController.xib */; };
		80302A1E1A93C23800599504 /* Default-568h@2x.png in Resources */ = {isa = PBXBuildFile; fileRef = 80302A181A93C23800599504 /* Default-568h@2x.png */; };
		80302A1F1A93C23800599504 /* finish.png in Resources */ = {isa = PBXBuildFile; fileRef = 80302A191A93C23800599504 /* finish.png */; };
		80302A201A93C23800599504 /* finish@2x.png in Resources */ = {isa = PBXBuildFile; fileRef = 80302A1A1A93C23800599504 /* finish@2x.png */; };
		80302A211A93C23800599504 /* New York City Marathon.gpx in Resources */ = {isa = PBXBuildFile; fileRef = 80302A1B1A93C23800599504 /* New York City Marathon.gpx */; };
		80302A221A93C23800599504 /* start.png in Resources */ = {isa = PBXBuildFile; fileRef = 80302A1C1A93C23800599504 /* start.png */; };
		80302A231A93C23800599504 /* start@2x.png in Resources */ = {isa = PBXBuildFile; fileRef = 80302A1D1A93C23800599504 /* start@2x.png */; };
		F0D34611F4AE55C7EBF70282 /* libPods-AGLocationDispatcher.a in Frameworks */ = {isa = PBXBuildFile; fileRef = CED453D9264AC0649231D9DA /* libPods-AGLocationDispatcher.a */; };
/* End PBXBuildFile section */

/* Begin PBXFileReference section */
		190A38D1F59653A1F9D3EF22 /* README.md */ = {isa = PBXFileReference; includeInIndex = 1; lastKnownFileType = net.daringfireball.markdown; lineEnding = 0; name = README.md; path = ../README.md; sourceTree = "<group>"; xcLanguageSpecificationIdentifier = xcode.lang.markdown; };
		43E85378D7C11393C2B3FB4B /* LICENSE */ = {isa = PBXFileReference; includeInIndex = 1; lastKnownFileType = text; name = LICENSE; path = ../LICENSE; sourceTree = "<group>"; };
		6003F58A195388D20070C39A /* AGLocationDispatcher.app */ = {isa = PBXFileReference; explicitFileType = wrapper.application; includeInIndex = 0; path = AGLocationDispatcher.app; sourceTree = BUILT_PRODUCTS_DIR; };
		6003F58D195388D20070C39A /* Foundation.framework */ = {isa = PBXFileReference; lastKnownFileType = wrapper.framework; name = Foundation.framework; path = System/Library/Frameworks/Foundation.framework; sourceTree = SDKROOT; };
		6003F58F195388D20070C39A /* CoreGraphics.framework */ = {isa = PBXFileReference; lastKnownFileType = wrapper.framework; name = CoreGraphics.framework; path = System/Library/Frameworks/CoreGraphics.framework; sourceTree = SDKROOT; };
		6003F591195388D20070C39A /* UIKit.framework */ = {isa = PBXFileReference; lastKnownFileType = wrapper.framework; name = UIKit.framework; path = System/Library/Frameworks/UIKit.framework; sourceTree = SDKROOT; };
		6003F595195388D20070C39A /* AGLocationDispatcher-Info.plist */ = {isa = PBXFileReference; lastKnownFileType = text.plist.xml; path = "AGLocationDispatcher-Info.plist"; sourceTree = "<group>"; };
		6003F597195388D20070C39A /* en */ = {isa = PBXFileReference; lastKnownFileType = text.plist.strings; name = en; path = en.lproj/InfoPlist.strings; sourceTree = "<group>"; };
		6003F599195388D20070C39A /* main.m */ = {isa = PBXFileReference; lastKnownFileType = sourcecode.c.objc; path = main.m; sourceTree = "<group>"; };
		6003F59B195388D20070C39A /* AGLocationDispatcher-Prefix.pch */ = {isa = PBXFileReference; lastKnownFileType = sourcecode.c.h; path = "AGLocationDispatcher-Prefix.pch"; sourceTree = "<group>"; };
		6003F5A8195388D20070C39A /* Images.xcassets */ = {isa = PBXFileReference; lastKnownFileType = folder.assetcatalog; path = Images.xcassets; sourceTree = "<group>"; };
		6003F5AF195388D20070C39A /* XCTest.framework */ = {isa = PBXFileReference; lastKnownFileType = wrapper.framework; name = XCTest.framework; path = Library/Frameworks/XCTest.framework; sourceTree = DEVELOPER_DIR; };
		6CF0F6FB1AB81E08001B4D8A /* AGRegionTrackingViewController.h */ = {isa = PBXFileReference; fileEncoding = 4; lastKnownFileType = sourcecode.c.h; path = AGRegionTrackingViewController.h; sourceTree = "<group>"; };
		6CF0F6FC1AB81E08001B4D8A /* AGRegionTrackingViewController.m */ = {isa = PBXFileReference; fileEncoding = 4; lastKnownFileType = sourcecode.c.objc; path = AGRegionTrackingViewController.m; sourceTree = "<group>"; };
		6CF0F6FD1AB81E08001B4D8A /* AGRegionTrackingViewController.xib */ = {isa = PBXFileReference; fileEncoding = 4; lastKnownFileType = file.xib; path = AGRegionTrackingViewController.xib; sourceTree = "<group>"; };
		803029FF1A93BF3D00599504 /* AGAppDelegate.h */ = {isa = PBXFileReference; fileEncoding = 4; lastKnownFileType = sourcecode.c.h; path = AGAppDelegate.h; sourceTree = "<group>"; };
		80302A001A93BF3D00599504 /* AGAppDelegate.m */ = {isa = PBXFileReference; fileEncoding = 4; lastKnownFileType = sourcecode.c.objc; path = AGAppDelegate.m; sourceTree = "<group>"; };
		80302A021A93BFC300599504 /* AGDemoScreenViewController.h */ = {isa = PBXFileReference; fileEncoding = 4; lastKnownFileType = sourcecode.c.h; lineEnding = 0; path = AGDemoScreenViewController.h; sourceTree = "<group>"; xcLanguageSpecificationIdentifier = xcode.lang.objcpp; };
		80302A031A93BFC300599504 /* AGDemoScreenViewController.m */ = {isa = PBXFileReference; fileEncoding = 4; lastKnownFileType = sourcecode.c.objc; lineEnding = 0; path = AGDemoScreenViewController.m; sourceTree = "<group>"; xcLanguageSpecificationIdentifier = xcode.lang.objc; };
		80302A041A93BFC300599504 /* AGDemoScreenViewController.xib */ = {isa = PBXFileReference; fileEncoding = 4; lastKnownFileType = file.xib; path = AGDemoScreenViewController.xib; sourceTree = "<group>"; };
		80302A051A93BFC300599504 /* AGGeocodeDemoViewController.h */ = {isa = PBXFileReference; fileEncoding = 4; lastKnownFileType = sourcecode.c.h; path = AGGeocodeDemoViewController.h; sourceTree = "<group>"; };
		80302A061A93BFC300599504 /* AGGeocodeDemoViewController.m */ = {isa = PBXFileReference; fileEncoding = 4; lastKnownFileType = sourcecode.c.objc; lineEnding = 0; path = AGGeocodeDemoViewController.m; sourceTree = "<group>"; xcLanguageSpecificationIdentifier = xcode.lang.objc; };
		80302A071A93BFC300599504 /* AGGeocodeDemoViewController.xib */ = {isa = PBXFileReference; fileEncoding = 4; lastKnownFileType = file.xib; path = AGGeocodeDemoViewController.xib; sourceTree = "<group>"; };
		80302A081A93BFC300599504 /* AGMainDemoViewController.h */ = {isa = PBXFileReference; fileEncoding = 4; lastKnownFileType = sourcecode.c.h; path = AGMainDemoViewController.h; sourceTree = "<group>"; };
		80302A091A93BFC300599504 /* AGMainDemoViewController.m */ = {isa = PBXFileReference; fileEncoding = 4; lastKnownFileType = sourcecode.c.objc; path = AGMainDemoViewController.m; sourceTree = "<group>"; };
		80302A0A1A93BFC300599504 /* AGMainDemoViewController.xib */ = {isa = PBXFileReference; fileEncoding = 4; lastKnownFileType = file.xib; path = AGMainDemoViewController.xib; sourceTree = "<group>"; };
		80302A0B1A93BFC300599504 /* AGRetrieveLocationDemoViewController.h */ = {isa = PBXFileReference; fileEncoding = 4; lastKnownFileType = sourcecode.c.h; path = AGRetrieveLocationDemoViewController.h; sourceTree = "<group>"; };
		80302A0C1A93BFC300599504 /* AGRetrieveLocationDemoViewController.m */ = {isa = PBXFileReference; fileEncoding = 4; lastKnownFileType = sourcecode.c.objc; lineEnding = 0; path = AGRetrieveLocationDemoViewController.m; sourceTree = "<group>"; xcLanguageSpecificationIdentifier = xcode.lang.objc; };
		80302A0D1A93BFC300599504 /* AGRetrieveLocationDemoViewController.xib */ = {isa = PBXFileReference; fileEncoding = 4; lastKnownFileType = file.xib; path = AGRetrieveLocationDemoViewController.xib; sourceTree = "<group>"; };
		80302A181A93C23800599504 /* Default-568h@2x.png */ = {isa = PBXFileReference; lastKnownFileType = image.png; path = "Default-568h@2x.png"; sourceTree = "<group>"; };
		80302A191A93C23800599504 /* finish.png */ = {isa = PBXFileReference; lastKnownFileType = image.png; path = finish.png; sourceTree = "<group>"; };
		80302A1A1A93C23800599504 /* finish@2x.png */ = {isa = PBXFileReference; lastKnownFileType = image.png; path = "finish@2x.png"; sourceTree = "<group>"; };
		80302A1B1A93C23800599504 /* New York City Marathon.gpx */ = {isa = PBXFileReference; fileEncoding = 4; lastKnownFileType = text; path = "New York City Marathon.gpx"; sourceTree = "<group>"; };
		80302A1C1A93C23800599504 /* start.png */ = {isa = PBXFileReference; lastKnownFileType = image.png; path = start.png; sourceTree = "<group>"; };
		80302A1D1A93C23800599504 /* start@2x.png */ = {isa = PBXFileReference; lastKnownFileType = image.png; path = "start@2x.png"; sourceTree = "<group>"; };
		993F78E4AC7972A5729598E4 /* Pods-AGLocationDispatcher.debug.xcconfig */ = {isa = PBXFileReference; includeInIndex = 1; lastKnownFileType = text.xcconfig; name = "Pods-AGLocationDispatcher.debug.xcconfig"; path = "Pods/Target Support Files/Pods-AGLocationDispatcher/Pods-AGLocationDispatcher.debug.xcconfig"; sourceTree = "<group>"; };
		BD0E0B548488E85DA1649A2C /* Pods-AGLocationDispatcher.release.xcconfig */ = {isa = PBXFileReference; includeInIndex = 1; lastKnownFileType = text.xcconfig; name = "Pods-AGLocationDispatcher.release.xcconfig"; path = "Pods/Target Support Files/Pods-AGLocationDispatcher/Pods-AGLocationDispatcher.release.xcconfig"; sourceTree = "<group>"; };
		CED453D9264AC0649231D9DA /* libPods-AGLocationDispatcher.a */ = {isa = PBXFileReference; explicitFileType = archive.ar; includeInIndex = 0; path = "libPods-AGLocationDispatcher.a"; sourceTree = BUILT_PRODUCTS_DIR; };
		E96A370BEC14F6ABD5D4865B /* AGLocationDispatcher.podspec */ = {isa = PBXFileReference; includeInIndex = 1; lastKnownFileType = text; name = AGLocationDispatcher.podspec; path = ../AGLocationDispatcher.podspec; sourceTree = "<group>"; };
/* End PBXFileReference section */

/* Begin PBXFrameworksBuildPhase section */
		6003F587195388D20070C39A /* Frameworks */ = {
			isa = PBXFrameworksBuildPhase;
			buildActionMask = 2147483647;
			files = (
				6003F590195388D20070C39A /* CoreGraphics.framework in Frameworks */,
				6003F592195388D20070C39A /* UIKit.framework in Frameworks */,
				6003F58E195388D20070C39A /* Foundation.framework in Frameworks */,
				F0D34611F4AE55C7EBF70282 /* libPods-AGLocationDispatcher.a in Frameworks */,
			);
			runOnlyForDeploymentPostprocessing = 0;
		};
/* End PBXFrameworksBuildPhase section */

/* Begin PBXGroup section */
		6003F581195388D10070C39A = {
			isa = PBXGroup;
			children = (
				60FF7A9C1954A5C5007DD14C /* Podspec Metadata */,
				6003F593195388D20070C39A /* AGLocationDispatcher */,
				6003F58C195388D20070C39A /* Frameworks */,
				6003F58B195388D20070C39A /* Products */,
				C087E461F5E8E4D068313C6F /* Pods */,
			);
			sourceTree = "<group>";
		};
		6003F58B195388D20070C39A /* Products */ = {
			isa = PBXGroup;
			children = (
				6003F58A195388D20070C39A /* AGLocationDispatcher.app */,
			);
			name = Products;
			sourceTree = "<group>";
		};
		6003F58C195388D20070C39A /* Frameworks */ = {
			isa = PBXGroup;
			children = (
				6003F58D195388D20070C39A /* Foundation.framework */,
				6003F58F195388D20070C39A /* CoreGraphics.framework */,
				6003F591195388D20070C39A /* UIKit.framework */,
				6003F5AF195388D20070C39A /* XCTest.framework */,
				CED453D9264AC0649231D9DA /* libPods-AGLocationDispatcher.a */,
			);
			name = Frameworks;
			sourceTree = "<group>";
		};
		6003F593195388D20070C39A /* AGLocationDispatcher */ = {
			isa = PBXGroup;
			children = (
				803029FF1A93BF3D00599504 /* AGAppDelegate.h */,
				80302A001A93BF3D00599504 /* AGAppDelegate.m */,
				80302A021A93BFC300599504 /* AGDemoScreenViewController.h */,
				80302A031A93BFC300599504 /* AGDemoScreenViewController.m */,
				80302A041A93BFC300599504 /* AGDemoScreenViewController.xib */,
				80302A051A93BFC300599504 /* AGGeocodeDemoViewController.h */,
				80302A061A93BFC300599504 /* AGGeocodeDemoViewController.m */,
				80302A071A93BFC300599504 /* AGGeocodeDemoViewController.xib */,
				80302A081A93BFC300599504 /* AGMainDemoViewController.h */,
				80302A091A93BFC300599504 /* AGMainDemoViewController.m */,
				80302A0A1A93BFC300599504 /* AGMainDemoViewController.xib */,
				80302A0B1A93BFC300599504 /* AGRetrieveLocationDemoViewController.h */,
				80302A0C1A93BFC300599504 /* AGRetrieveLocationDemoViewController.m */,
				80302A0D1A93BFC300599504 /* AGRetrieveLocationDemoViewController.xib */,
				6CF0F6FB1AB81E08001B4D8A /* AGRegionTrackingViewController.h */,
				6CF0F6FC1AB81E08001B4D8A /* AGRegionTrackingViewController.m */,
				6CF0F6FD1AB81E08001B4D8A /* AGRegionTrackingViewController.xib */,
				6003F5A8195388D20070C39A /* Images.xcassets */,
				80302A171A93C23800599504 /* Resources */,
				6003F594195388D20070C39A /* Supporting Files */,
			);
			path = AGLocationDispatcher;
			sourceTree = "<group>";
		};
		6003F594195388D20070C39A /* Supporting Files */ = {
			isa = PBXGroup;
			children = (
				6003F595195388D20070C39A /* AGLocationDispatcher-Info.plist */,
				6003F596195388D20070C39A /* InfoPlist.strings */,
				6003F599195388D20070C39A /* main.m */,
				6003F59B195388D20070C39A /* AGLocationDispatcher-Prefix.pch */,
			);
			name = "Supporting Files";
			sourceTree = "<group>";
		};
		60FF7A9C1954A5C5007DD14C /* Podspec Metadata */ = {
			isa = PBXGroup;
			children = (
				E96A370BEC14F6ABD5D4865B /* AGLocationDispatcher.podspec */,
				190A38D1F59653A1F9D3EF22 /* README.md */,
				43E85378D7C11393C2B3FB4B /* LICENSE */,
			);
			name = "Podspec Metadata";
			sourceTree = "<group>";
		};
		80302A171A93C23800599504 /* Resources */ = {
			isa = PBXGroup;
			children = (
				80302A181A93C23800599504 /* Default-568h@2x.png */,
				80302A191A93C23800599504 /* finish.png */,
				80302A1A1A93C23800599504 /* finish@2x.png */,
				80302A1B1A93C23800599504 /* New York City Marathon.gpx */,
				80302A1C1A93C23800599504 /* start.png */,
				80302A1D1A93C23800599504 /* start@2x.png */,
			);
			path = Resources;
			sourceTree = "<group>";
		};
		C087E461F5E8E4D068313C6F /* Pods */ = {
			isa = PBXGroup;
			children = (
				993F78E4AC7972A5729598E4 /* Pods-AGLocationDispatcher.debug.xcconfig */,
				BD0E0B548488E85DA1649A2C /* Pods-AGLocationDispatcher.release.xcconfig */,
			);
			name = Pods;
			sourceTree = "<group>";
		};
/* End PBXGroup section */

/* Begin PBXNativeTarget section */
		6003F589195388D20070C39A /* AGLocationDispatcher */ = {
			isa = PBXNativeTarget;
			buildConfigurationList = 6003F5BF195388D20070C39A /* Build configuration list for PBXNativeTarget "AGLocationDispatcher" */;
			buildPhases = (
				94E58860BAA454BCB9CBBD3A /* Check Pods Manifest.lock */,
				6003F586195388D20070C39A /* Sources */,
				6003F587195388D20070C39A /* Frameworks */,
				6003F588195388D20070C39A /* Resources */,
				01BF98B70948C8255CC935BA /* Copy Pods Resources */,
			);
			buildRules = (
			);
			dependencies = (
			);
			name = AGLocationDispatcher;
			productName = AGLocationDispatcher;
			productReference = 6003F58A195388D20070C39A /* AGLocationDispatcher.app */;
			productType = "com.apple.product-type.application";
		};
/* End PBXNativeTarget section */

/* Begin PBXProject section */
		6003F582195388D10070C39A /* Project object */ = {
			isa = PBXProject;
			attributes = {
				CLASSPREFIX = AG;
				LastUpgradeCheck = 0510;
				ORGANIZATIONNAME = kalamaznik;
			};
			buildConfigurationList = 6003F585195388D10070C39A /* Build configuration list for PBXProject "AGLocationDispatcher" */;
			compatibilityVersion = "Xcode 3.2";
			developmentRegion = English;
			hasScannedForEncodings = 0;
			knownRegions = (
				en,
				Base,
			);
			mainGroup = 6003F581195388D10070C39A;
			productRefGroup = 6003F58B195388D20070C39A /* Products */;
			projectDirPath = "";
			projectRoot = "";
			targets = (
				6003F589195388D20070C39A /* AGLocationDispatcher */,
			);
		};
/* End PBXProject section */

/* Begin PBXResourcesBuildPhase section */
		6003F588195388D20070C39A /* Resources */ = {
			isa = PBXResourcesBuildPhase;
			buildActionMask = 2147483647;
			files = (
				80302A211A93C23800599504 /* New York City Marathon.gpx in Resources */,
				6003F5A9195388D20070C39A /* Images.xcassets in Resources */,
				80302A1F1A93C23800599504 /* finish.png in Resources */,
				80302A1E1A93C23800599504 /* Default-568h@2x.png in Resources */,
				80302A0F1A93BFC300599504 /* AGDemoScreenViewController.xib in Resources */,
				80302A231A93C23800599504 /* start@2x.png in Resources */,
				80302A151A93BFC300599504 /* AGRetrieveLocationDemoViewController.xib in Resources */,
				80302A111A93BFC300599504 /* AGGeocodeDemoViewController.xib in Resources */,
				6CF0F6FF1AB81E08001B4D8A /* AGRegionTrackingViewController.xib in Resources */,
				80302A131A93BFC300599504 /* AGMainDemoViewController.xib in Resources */,
				80302A201A93C23800599504 /* finish@2x.png in Resources */,
				6003F598195388D20070C39A /* InfoPlist.strings in Resources */,
				80302A221A93C23800599504 /* start.png in Resources */,
			);
			runOnlyForDeploymentPostprocessing = 0;
		};
/* End PBXResourcesBuildPhase section */

/* Begin PBXShellScriptBuildPhase section */
		01BF98B70948C8255CC935BA /* Copy Pods Resources */ = {
			isa = PBXShellScriptBuildPhase;
			buildActionMask = 2147483647;
			files = (
			);
			inputPaths = (
			);
			name = "Copy Pods Resources";
			outputPaths = (
			);
			runOnlyForDeploymentPostprocessing = 0;
			shellPath = /bin/sh;
			shellScript = "\"${SRCROOT}/Pods/Target Support Files/Pods-AGLocationDispatcher/Pods-AGLocationDispatcher-resources.sh\"\n";
			showEnvVarsInLog = 0;
		};
		94E58860BAA454BCB9CBBD3A /* Check Pods Manifest.lock */ = {
			isa = PBXShellScriptBuildPhase;
			buildActionMask = 2147483647;
			files = (
			);
			inputPaths = (
			);
			name = "Check Pods Manifest.lock";
			outputPaths = (
			);
			runOnlyForDeploymentPostprocessing = 0;
			shellPath = /bin/sh;
			shellScript = "diff \"${PODS_ROOT}/../Podfile.lock\" \"${PODS_ROOT}/Manifest.lock\" > /dev/null\nif [[ $? != 0 ]] ; then\n    cat << EOM\nerror: The sandbox is not in sync with the Podfile.lock. Run 'pod install' or update your CocoaPods installation.\nEOM\n    exit 1\nfi\n";
			showEnvVarsInLog = 0;
		};
/* End PBXShellScriptBuildPhase section */

/* Begin PBXSourcesBuildPhase section */
		6003F586195388D20070C39A /* Sources */ = {
			isa = PBXSourcesBuildPhase;
			buildActionMask = 2147483647;
			files = (
				80302A141A93BFC300599504 /* AGRetrieveLocationDemoViewController.m in Sources */,
				6CF0F6FE1AB81E08001B4D8A /* AGRegionTrackingViewController.m in Sources */,
				80302A011A93BF3D00599504 /* AGAppDelegate.m in Sources */,
				6003F59A195388D20070C39A /* main.m in Sources */,
				80302A121A93BFC300599504 /* AGMainDemoViewController.m in Sources */,
				80302A101A93BFC300599504 /* AGGeocodeDemoViewController.m in Sources */,
				80302A0E1A93BFC300599504 /* AGDemoScreenViewController.m in Sources */,
			);
			runOnlyForDeploymentPostprocessing = 0;
		};
/* End PBXSourcesBuildPhase section */

/* Begin PBXVariantGroup section */
		6003F596195388D20070C39A /* InfoPlist.strings */ = {
			isa = PBXVariantGroup;
			children = (
				6003F597195388D20070C39A /* en */,
			);
			name = InfoPlist.strings;
			sourceTree = "<group>";
		};
/* End PBXVariantGroup section */

/* Begin XCBuildConfiguration section */
		6003F5BD195388D20070C39A /* Debug */ = {
			isa = XCBuildConfiguration;
			buildSettings = {
				ALWAYS_SEARCH_USER_PATHS = NO;
				CLANG_CXX_LANGUAGE_STANDARD = "gnu++0x";
				CLANG_CXX_LIBRARY = "libc++";
				CLANG_ENABLE_MODULES = YES;
				CLANG_ENABLE_OBJC_ARC = YES;
				CLANG_WARN_BOOL_CONVERSION = YES;
				CLANG_WARN_CONSTANT_CONVERSION = YES;
				CLANG_WARN_DIRECT_OBJC_ISA_USAGE = YES_ERROR;
				CLANG_WARN_EMPTY_BODY = YES;
				CLANG_WARN_ENUM_CONVERSION = YES;
				CLANG_WARN_INT_CONVERSION = YES;
				CLANG_WARN_OBJC_ROOT_CLASS = YES_ERROR;
				CLANG_WARN__DUPLICATE_METHOD_MATCH = YES;
				"CODE_SIGN_IDENTITY[sdk=iphoneos*]" = "iPhone Developer";
				COPY_PHASE_STRIP = NO;
				GCC_C_LANGUAGE_STANDARD = gnu99;
				GCC_DYNAMIC_NO_PIC = NO;
				GCC_OPTIMIZATION_LEVEL = 0;
				GCC_PREPROCESSOR_DEFINITIONS = (
					"DEBUG=1",
					"$(inherited)",
				);
				GCC_SYMBOLS_PRIVATE_EXTERN = NO;
				GCC_WARN_64_TO_32_BIT_CONVERSION = YES;
				GCC_WARN_ABOUT_RETURN_TYPE = YES_ERROR;
				GCC_WARN_UNDECLARED_SELECTOR = YES;
				GCC_WARN_UNINITIALIZED_AUTOS = YES_AGGRESSIVE;
				GCC_WARN_UNUSED_FUNCTION = YES;
				GCC_WARN_UNUSED_VARIABLE = YES;
				IPHONEOS_DEPLOYMENT_TARGET = 7.0;
				ONLY_ACTIVE_ARCH = YES;
				SDKROOT = iphoneos;
				TARGETED_DEVICE_FAMILY = "1,2";
			};
			name = Debug;
		};
		6003F5BE195388D20070C39A /* Release */ = {
			isa = XCBuildConfiguration;
			buildSettings = {
				ALWAYS_SEARCH_USER_PATHS = NO;
				CLANG_CXX_LANGUAGE_STANDARD = "gnu++0x";
				CLANG_CXX_LIBRARY = "libc++";
				CLANG_ENABLE_MODULES = YES;
				CLANG_ENABLE_OBJC_ARC = YES;
				CLANG_WARN_BOOL_CONVERSION = YES;
				CLANG_WARN_CONSTANT_CONVERSION = YES;
				CLANG_WARN_DIRECT_OBJC_ISA_USAGE = YES_ERROR;
				CLANG_WARN_EMPTY_BODY = YES;
				CLANG_WARN_ENUM_CONVERSION = YES;
				CLANG_WARN_INT_CONVERSION = YES;
				CLANG_WARN_OBJC_ROOT_CLASS = YES_ERROR;
				CLANG_WARN__DUPLICATE_METHOD_MATCH = YES;
				"CODE_SIGN_IDENTITY[sdk=iphoneos*]" = "iPhone Developer";
				COPY_PHASE_STRIP = YES;
				ENABLE_NS_ASSERTIONS = NO;
				GCC_C_LANGUAGE_STANDARD = gnu99;
				GCC_WARN_64_TO_32_BIT_CONVERSION = YES;
				GCC_WARN_ABOUT_RETURN_TYPE = YES_ERROR;
				GCC_WARN_UNDECLARED_SELECTOR = YES;
				GCC_WARN_UNINITIALIZED_AUTOS = YES_AGGRESSIVE;
				GCC_WARN_UNUSED_FUNCTION = YES;
				GCC_WARN_UNUSED_VARIABLE = YES;
				IPHONEOS_DEPLOYMENT_TARGET = 7.0;
				SDKROOT = iphoneos;
				TARGETED_DEVICE_FAMILY = "1,2";
				VALIDATE_PRODUCT = YES;
			};
			name = Release;
		};
		6003F5C0195388D20070C39A /* Debug */ = {
			isa = XCBuildConfiguration;
			baseConfigurationReference = 993F78E4AC7972A5729598E4 /* Pods-AGLocationDispatcher.debug.xcconfig */;
			buildSettings = {
				ASSETCATALOG_COMPILER_APPICON_NAME = AppIcon;
				ASSETCATALOG_COMPILER_LAUNCHIMAGE_NAME = LaunchImage;
				GCC_PRECOMPILE_PREFIX_HEADER = YES;
				GCC_PREFIX_HEADER = "AGLocationDispatcher/AGLocationDispatcher-Prefix.pch";
				INFOPLIST_FILE = "AGLocationDispatcher/AGLocationDispatcher-Info.plist";
				PRODUCT_NAME = "$(TARGET_NAME)";
				WRAPPER_EXTENSION = app;
			};
			name = Debug;
		};
		6003F5C1195388D20070C39A /* Release */ = {
			isa = XCBuildConfiguration;
			baseConfigurationReference = BD0E0B548488E85DA1649A2C /* Pods-AGLocationDispatcher.release.xcconfig */;
			buildSettings = {
				ASSETCATALOG_COMPILER_APPICON_NAME = AppIcon;
				ASSETCATALOG_COMPILER_LAUNCHIMAGE_NAME = LaunchImage;
				GCC_PRECOMPILE_PREFIX_HEADER = YES;
				GCC_PREFIX_HEADER = "AGLocationDispatcher/AGLocationDispatcher-Prefix.pch";
				INFOPLIST_FILE = "AGLocationDispatcher/AGLocationDispatcher-Info.plist";
				PRODUCT_NAME = "$(TARGET_NAME)";
				WRAPPER_EXTENSION = app;
			};
			name = Release;
		};
/* End XCBuildConfiguration section */

/* Begin XCConfigurationList section */
		6003F585195388D10070C39A /* Build configuration list for PBXProject "AGLocationDispatcher" */ = {
			isa = XCConfigurationList;
			buildConfigurations = (
				6003F5BD195388D20070C39A /* Debug */,
				6003F5BE195388D20070C39A /* Release */,
			);
			defaultConfigurationIsVisible = 0;
			defaultConfigurationName = Release;
		};
		6003F5BF195388D20070C39A /* Build configuration list for PBXNativeTarget "AGLocationDispatcher" */ = {
			isa = XCConfigurationList;
			buildConfigurations = (
				6003F5C0195388D20070C39A /* Debug */,
				6003F5C1195388D20070C39A /* Release */,
			);
			defaultConfigurationIsVisible = 0;
			defaultConfigurationName = Release;
		};
/* End XCConfigurationList section */
	};
	rootObject = 6003F582195388D10070C39A /* Project object */;
}
